# This file is automatically @generated by Cargo.
# It is not intended for manual editing.
version = 4

[[package]]
name = "iris-core-types"
version = "0.1.0"

[[package]]
name = "iris-policy"
version = "0.1.0"

[[package]]
name = "iris-runtime"
version = "0.1.0"
dependencies = [
 "iris-core-types",
 "iris-policy",
]

[[package]]
name = "xtask"
version = "0.1.0"
