# This file is automatically @generated by Cargo.
# It is not intended for manual editing.
version = 4

[[package]]
name = "iris-cognition"
version = "0.1.0"
dependencies = [
 "iris-context-gate",
 "iris-core-types",
 "iris-local-inference",
 "iris-prompt",
]

[[package]]
name = "iris-context-gate"
version = "0.1.0"
dependencies = [
 "iris-core-types",
 "iris-redaction",
]

[[package]]
name = "iris-core-types"
version = "0.1.0"

[[package]]
name = "iris-local-inference"
version = "0.1.0"

[[package]]
name = "iris-model-manifest"
version = "0.1.0"

[[package]]
name = "iris-model-router"
version = "0.1.0"
dependencies = [
 "iris-model-manifest",
]

[[package]]
name = "iris-model-store"
version = "0.1.0"
dependencies = [
 "iris-model-manifest",
]

[[package]]
name = "iris-paths"
version = "0.1.0"

[[package]]
name = "iris-policy"
version = "0.1.0"

[[package]]
name = "iris-prompt"
version = "0.1.0"
dependencies = [
 "iris-core-types",
]

[[package]]
name = "iris-redaction"
version = "0.1.0"

[[package]]
name = "iris-runtime"
version = "0.1.0"
dependencies = [
 "iris-cognition",
 "iris-context-gate",
 "iris-model-router",
 "iris-model-store",
 "iris-policy",
]

[[package]]
name = "xtask"
version = "0.1.0"
